
Microsoft Visual Studio Solution File, Format Version 12.00
# Visual Studio 14
VisualStudioVersion = 14.0.25420.1
MinimumVisualStudioVersion = 10.0.40219.1
Project("{FAE04EC0-301F-11D3-BF4B-00C04F79EFBC}") = "VNS.DataSystem.Web", "VNS.DataSystem.Web\VNS.DataSystem.Web.csproj", "{87406EEB-127E-4235-BCCF-045EC9FABCBC}"
EndProject
Project("{FAE04EC0-301F-11D3-BF4B-00C04F79EFBC}") = "VNS.DataSystem.Web.Tests", "VNS.DataSystem.Web.Tests\VNS.DataSystem.Web.Tests.csproj", "{35E732CD-C4FA-4036-ACDB-92AEDAB631B0}"
EndProject
Global
	GlobalSection(SolutionConfigurationPlatforms) = preSolution
		Debug|Any CPU = Debug|Any CPU
		Release|Any CPU = Release|Any CPU
	EndGlobalSection
	GlobalSection(ProjectConfigurationPlatforms) = postSolution
		{87406EEB-127E-4235-BCCF-045EC9FABCBC}.Debug|Any CPU.ActiveCfg = Debug|Any CPU
		{87406EEB-127E-4235-BCCF-045EC9FABCBC}.Debug|Any CPU.Build.0 = Debug|Any CPU
		{87406EEB-127E-4235-BCCF-045EC9FABCBC}.Release|Any CPU.ActiveCfg = Release|Any CPU
		{87406EEB-127E-4235-BCCF-045EC9FABCBC}.Release|Any CPU.Build.0 = Release|Any CPU
		{35E732CD-C4FA-4036-ACDB-92AEDAB631B0}.Debug|Any CPU.ActiveCfg = Debug|Any CPU
		{35E732CD-C4FA-4036-ACDB-92AEDAB631B0}.Debug|Any CPU.Build.0 = Debug|Any CPU
		{35E732CD-C4FA-4036-ACDB-92AEDAB631B0}.Release|Any CPU.ActiveCfg = Release|Any CPU
		{35E732CD-C4FA-4036-ACDB-92AEDAB631B0}.Release|Any CPU.Build.0 = Release|Any CPU
	EndGlobalSection
	GlobalSection(SolutionProperties) = preSolution
		HideSolutionNode = FALSE
	EndGlobalSection
EndGlobal
