
Microsoft Visual Studio Solution File, Format Version 12.00
# Visual Studio 14
VisualStudioVersion = 14.0.25420.1
MinimumVisualStudioVersion = 10.0.40219.1
Project("{FAE04EC0-301F-11D3-BF4B-00C04F79EFBC}") = "VNS.DataSystem.Web", "VNS.DataSystem.Web\VNS.DataSystem.Web.csproj", "{1643C16A-EFB9-4DB4-86C9-38A58E1DD312}"
EndProject
Project("{FAE04EC0-301F-11D3-BF4B-00C04F79EFBC}") = "VNS.DataSystem.Web.Tests", "VNS.DataSystem.Web.Tests\VNS.DataSystem.Web.Tests.csproj", "{8FAFE143-BF6F-4F2B-AE59-BA9B9A809325}"
EndProject
Project("{2150E333-8FDC-42A3-9474-1A3956D46DE8}") = "Data", "Data", "{DC626C3A-AE4F-4944-B5F6-31373841F185}"
EndProject
Project("{FAE04EC0-301F-11D3-BF4B-00C04F79EFBC}") = "VNS.DataSystem.Data", "VNS.DataSystem.Data\VNS.DataSystem.Data.csproj", "{92B5A5AA-4765-4667-94FA-F1CE61AB082A}"
EndProject
Project("{FAE04EC0-301F-11D3-BF4B-00C04F79EFBC}") = "VNS.DataSystem.Data.Models", "VNS.DataSystem.Data.Model\VNS.DataSystem.Data.Models.csproj", "{79711143-7F87-43BE-9266-B387784E78C0}"
EndProject
Global
	GlobalSection(SolutionConfigurationPlatforms) = preSolution
		Debug|Any CPU = Debug|Any CPU
		Release|Any CPU = Release|Any CPU
	EndGlobalSection
	GlobalSection(ProjectConfigurationPlatforms) = postSolution
		{1643C16A-EFB9-4DB4-86C9-38A58E1DD312}.Debug|Any CPU.ActiveCfg = Debug|Any CPU
		{1643C16A-EFB9-4DB4-86C9-38A58E1DD312}.Debug|Any CPU.Build.0 = Debug|Any CPU
		{1643C16A-EFB9-4DB4-86C9-38A58E1DD312}.Release|Any CPU.ActiveCfg = Release|Any CPU
		{1643C16A-EFB9-4DB4-86C9-38A58E1DD312}.Release|Any CPU.Build.0 = Release|Any CPU
		{8FAFE143-BF6F-4F2B-AE59-BA9B9A809325}.Debug|Any CPU.ActiveCfg = Debug|Any CPU
		{8FAFE143-BF6F-4F2B-AE59-BA9B9A809325}.Debug|Any CPU.Build.0 = Debug|Any CPU
		{8FAFE143-BF6F-4F2B-AE59-BA9B9A809325}.Release|Any CPU.ActiveCfg = Release|Any CPU
		{8FAFE143-BF6F-4F2B-AE59-BA9B9A809325}.Release|Any CPU.Build.0 = Release|Any CPU
		{92B5A5AA-4765-4667-94FA-F1CE61AB082A}.Debug|Any CPU.ActiveCfg = Debug|Any CPU
		{92B5A5AA-4765-4667-94FA-F1CE61AB082A}.Debug|Any CPU.Build.0 = Debug|Any CPU
		{92B5A5AA-4765-4667-94FA-F1CE61AB082A}.Release|Any CPU.ActiveCfg = Release|Any CPU
		{92B5A5AA-4765-4667-94FA-F1CE61AB082A}.Release|Any CPU.Build.0 = Release|Any CPU
		{79711143-7F87-43BE-9266-B387784E78C0}.Debug|Any CPU.ActiveCfg = Debug|Any CPU
		{79711143-7F87-43BE-9266-B387784E78C0}.Debug|Any CPU.Build.0 = Debug|Any CPU
		{79711143-7F87-43BE-9266-B387784E78C0}.Release|Any CPU.ActiveCfg = Release|Any CPU
		{79711143-7F87-43BE-9266-B387784E78C0}.Release|Any CPU.Build.0 = Release|Any CPU
	EndGlobalSection
	GlobalSection(SolutionProperties) = preSolution
		HideSolutionNode = FALSE
	EndGlobalSection
	GlobalSection(NestedProjects) = preSolution
		{92B5A5AA-4765-4667-94FA-F1CE61AB082A} = {DC626C3A-AE4F-4944-B5F6-31373841F185}
		{79711143-7F87-43BE-9266-B387784E78C0} = {DC626C3A-AE4F-4944-B5F6-31373841F185}
	EndGlobalSection
EndGlobal
